
Microsoft Visual Studio Solution File, Format Version 12.00
# Visual Studio Version 17
VisualStudioVersion = 17.2.32630.192
MinimumVisualStudioVersion = 10.0.40219.1
Project("{FAE04EC0-301F-11D3-BF4B-00C04F79EFBC}") = "Sample", "Sample\Sample.csproj", "{A13C2127-38B4-498C-9D68-A5DE22F01167}"
EndProject
Global
	GlobalSection(SolutionConfigurationPlatforms) = preSolution
		Debug|Any CPU = Debug|Any CPU
		Release|Any CPU = Release|Any CPU
	EndGlobalSection
	GlobalSection(ProjectConfigurationPlatforms) = postSolution
		{A13C2127-38B4-498C-9D68-A5DE22F01167}.Debug|Any CPU.ActiveCfg = Debug|Any CPU
		{A13C2127-38B4-498C-9D68-A5DE22F01167}.Debug|Any CPU.Build.0 = Debug|Any CPU
		{A13C2127-38B4-498C-9D68-A5DE22F01167}.Release|Any CPU.ActiveCfg = Release|Any CPU
		{A13C2127-38B4-498C-9D68-A5DE22F01167}.Release|Any CPU.Build.0 = Release|Any CPU
	EndGlobalSection
	GlobalSection(SolutionProperties) = preSolution
		HideSolutionNode = FALSE
	EndGlobalSection
	GlobalSection(ExtensibilityGlobals) = postSolution
		SolutionGuid = {B45592F9-83B2-4AAD-80A8-8C3F2CD29C8D}
	EndGlobalSection
EndGlobal
